
Microsoft Visual Studio Solution File, Format Version 12.00
# Visual Studio Version 17
VisualStudioVersion = 17.3.32901.215
MinimumVisualStudioVersion = 10.0.40219.1
Project("{FAE04EC0-301F-11D3-BF4B-00C04F79EFBC}") = "TiendaJuguetesAPI", "TiendaJuguetesAPI.csproj", "{CA1E5C2C-D8A1-41F9-B6F5-C9338BAD9862}"
EndProject
Global
	GlobalSection(SolutionConfigurationPlatforms) = preSolution
		Debug|Any CPU = Debug|Any CPU
		Release|Any CPU = Release|Any CPU
	EndGlobalSection
	GlobalSection(ProjectConfigurationPlatforms) = postSolution
		{CA1E5C2C-D8A1-41F9-B6F5-C9338BAD9862}.Debug|Any CPU.ActiveCfg = Debug|Any CPU
		{CA1E5C2C-D8A1-41F9-B6F5-C9338BAD9862}.Debug|Any CPU.Build.0 = Debug|Any CPU
		{CA1E5C2C-D8A1-41F9-B6F5-C9338BAD9862}.Release|Any CPU.ActiveCfg = Release|Any CPU
		{CA1E5C2C-D8A1-41F9-B6F5-C9338BAD9862}.Release|Any CPU.Build.0 = Release|Any CPU
	EndGlobalSection
	GlobalSection(SolutionProperties) = preSolution
		HideSolutionNode = FALSE
	EndGlobalSection
	GlobalSection(ExtensibilityGlobals) = postSolution
		SolutionGuid = {D5C5B4D0-7A9E-40C2-8E5D-7DFB64177AC0}
	EndGlobalSection
EndGlobal
